// !$*UTF8*$!
{
	archiveVersion = 1;
	classes = {
	};
	objectVersion = 50;
	objects = {

/* Begin PBXBuildFile section */
		CDABA55722AD2F4D00D7B63C /* MoengageAnalyticsServiceTest.swift in Sources */ = {isa = PBXBuildFile; fileRef = CDABA55622AD2F4D00D7B63C /* MoengageAnalyticsServiceTest.swift */; };
		CDF00E6822A11DC8007DC1EF /* AppDelegate.swift in Sources */ = {isa = PBXBuildFile; fileRef = CDF00E6722A11DC8007DC1EF /* AppDelegate.swift */; };
		CDF00E6A22A11DC8007DC1EF /* ViewController.swift in Sources */ = {isa = PBXBuildFile; fileRef = CDF00E6922A11DC8007DC1EF /* ViewController.swift */; };
		CDF00E6D22A11DC8007DC1EF /* Main.storyboard in Resources */ = {isa = PBXBuildFile; fileRef = CDF00E6B22A11DC8007DC1EF /* Main.storyboard */; };
		CDF00E6F22A11DC9007DC1EF /* Assets.xcassets in Resources */ = {isa = PBXBuildFile; fileRef = CDF00E6E22A11DC9007DC1EF /* Assets.xcassets */; };
		CDF00E7222A11DC9007DC1EF /* LaunchScreen.storyboard in Resources */ = {isa = PBXBuildFile; fileRef = CDF00E7022A11DC9007DC1EF /* LaunchScreen.storyboard */; };
		CDF00E7D22A11DC9007DC1EF /* TwegAppTests.swift in Sources */ = {isa = PBXBuildFile; fileRef = CDF00E7C22A11DC9007DC1EF /* TwegAppTests.swift */; };
		CDF00E9222A12141007DC1EF /* AnalyticsUtil.swift in Sources */ = {isa = PBXBuildFile; fileRef = CDF00E8822A12141007DC1EF /* AnalyticsUtil.swift */; };
		CDF00E9322A12141007DC1EF /* AnalyitcsService.swift in Sources */ = {isa = PBXBuildFile; fileRef = CDF00E8922A12141007DC1EF /* AnalyitcsService.swift */; };
		CDF00E9422A12141007DC1EF /* AnalyticsConstant.swift in Sources */ = {isa = PBXBuildFile; fileRef = CDF00E8A22A12141007DC1EF /* AnalyticsConstant.swift */; };
		CDF00E9522A12141007DC1EF /* SiburungAnalyticsService.swift in Sources */ = {isa = PBXBuildFile; fileRef = CDF00E8C22A12141007DC1EF /* SiburungAnalyticsService.swift */; };
		CDF00E9622A12141007DC1EF /* AdjustAnalyticsService.swift in Sources */ = {isa = PBXBuildFile; fileRef = CDF00E8D22A12141007DC1EF /* AdjustAnalyticsService.swift */; };
		CDF00E9722A12141007DC1EF /* MoengageAnalyticsService.swift in Sources */ = {isa = PBXBuildFile; fileRef = CDF00E8E22A12141007DC1EF /* MoengageAnalyticsService.swift */; };
		CDF00E9822A12141007DC1EF /* FacebookAnalyticsService.swift in Sources */ = {isa = PBXBuildFile; fileRef = CDF00E8F22A12141007DC1EF /* FacebookAnalyticsService.swift */; };
		CDF00E9922A12141007DC1EF /* AnalyticsEvent.swift in Sources */ = {isa = PBXBuildFile; fileRef = CDF00E9022A12141007DC1EF /* AnalyticsEvent.swift */; };
		CDF00E9A22A12141007DC1EF /* AnalyticsManager.swift in Sources */ = {isa = PBXBuildFile; fileRef = CDF00E9122A12141007DC1EF /* AnalyticsManager.swift */; };
		CDF00ED722A14E82007DC1EF /* AnalyticsTest.swift in Sources */ = {isa = PBXBuildFile; fileRef = CDF00ED622A14E82007DC1EF /* AnalyticsTest.swift */; };
		CDF00EDF22A1552B007DC1EF /* AnalyticsFacebookParameter.swift in Sources */ = {isa = PBXBuildFile; fileRef = CDF00EDE22A1552B007DC1EF /* AnalyticsFacebookParameter.swift */; };
/* End PBXBuildFile section */

/* Begin PBXContainerItemProxy section */
		CDF00E7922A11DC9007DC1EF /* PBXContainerItemProxy */ = {
			isa = PBXContainerItemProxy;
			containerPortal = CDF00E5C22A11DC8007DC1EF /* Project object */;
			proxyType = 1;
			remoteGlobalIDString = CDF00E6322A11DC8007DC1EF;
			remoteInfo = TwegApp;
		};
/* End PBXContainerItemProxy section */

/* Begin PBXFileReference section */
		059CAD9A38147214C4BF3695 /* Pods-TwegAppTests.debug.xcconfig */ = {isa = PBXFileReference; includeInIndex = 1; lastKnownFileType = text.xcconfig; name = "Pods-TwegAppTests.debug.xcconfig"; path = "Target Support Files/Pods-TwegAppTests/Pods-TwegAppTests.debug.xcconfig"; sourceTree = "<group>"; };
		1BA1AC1DA9784BFC0F0D15EE /* Pods-TwegAppTests.release.xcconfig */ = {isa = PBXFileReference; includeInIndex = 1; lastKnownFileType = text.xcconfig; name = "Pods-TwegAppTests.release.xcconfig"; path = "Target Support Files/Pods-TwegAppTests/Pods-TwegAppTests.release.xcconfig"; sourceTree = "<group>"; };
		6BF4EB3DAF60A32CE078031C /* Pods-TwegApp.release.xcconfig */ = {isa = PBXFileReference; includeInIndex = 1; lastKnownFileType = text.xcconfig; name = "Pods-TwegApp.release.xcconfig"; path = "Target Support Files/Pods-TwegApp/Pods-TwegApp.release.xcconfig"; sourceTree = "<group>"; };
		A6E91091B59B2C2DA20D7AF9 /* Pods-TwegApp.debug.xcconfig */ = {isa = PBXFileReference; includeInIndex = 1; lastKnownFileType = text.xcconfig; name = "Pods-TwegApp.debug.xcconfig"; path = "Target Support Files/Pods-TwegApp/Pods-TwegApp.debug.xcconfig"; sourceTree = "<group>"; };
		CDABA55622AD2F4D00D7B63C /* MoengageAnalyticsServiceTest.swift */ = {isa = PBXFileReference; lastKnownFileType = sourcecode.swift; path = MoengageAnalyticsServiceTest.swift; sourceTree = "<group>"; };
		CDF00E6422A11DC8007DC1EF /* TwegApp.app */ = {isa = PBXFileReference; explicitFileType = wrapper.application; includeInIndex = 0; path = TwegApp.app; sourceTree = BUILT_PRODUCTS_DIR; };
		CDF00E6722A11DC8007DC1EF /* AppDelegate.swift */ = {isa = PBXFileReference; lastKnownFileType = sourcecode.swift; path = AppDelegate.swift; sourceTree = "<group>"; };
		CDF00E6922A11DC8007DC1EF /* ViewController.swift */ = {isa = PBXFileReference; lastKnownFileType = sourcecode.swift; path = ViewController.swift; sourceTree = "<group>"; };
		CDF00E6C22A11DC8007DC1EF /* Base */ = {isa = PBXFileReference; lastKnownFileType = file.storyboard; name = Base; path = Base.lproj/Main.storyboard; sourceTree = "<group>"; };
		CDF00E6E22A11DC9007DC1EF /* Assets.xcassets */ = {isa = PBXFileReference; lastKnownFileType = folder.assetcatalog; path = Assets.xcassets; sourceTree = "<group>"; };
		CDF00E7122A11DC9007DC1EF /* Base */ = {isa = PBXFileReference; lastKnownFileType = file.storyboard; name = Base; path = Base.lproj/LaunchScreen.storyboard; sourceTree = "<group>"; };
		CDF00E7322A11DC9007DC1EF /* Info.plist */ = {isa = PBXFileReference; lastKnownFileType = text.plist.xml; path = Info.plist; sourceTree = "<group>"; };
		CDF00E7822A11DC9007DC1EF /* TwegAppTests.xctest */ = {isa = PBXFileReference; explicitFileType = wrapper.cfbundle; includeInIndex = 0; path = TwegAppTests.xctest; sourceTree = BUILT_PRODUCTS_DIR; };
		CDF00E7C22A11DC9007DC1EF /* TwegAppTests.swift */ = {isa = PBXFileReference; lastKnownFileType = sourcecode.swift; path = TwegAppTests.swift; sourceTree = "<group>"; };
		CDF00E7E22A11DC9007DC1EF /* Info.plist */ = {isa = PBXFileReference; lastKnownFileType = text.plist.xml; path = Info.plist; sourceTree = "<group>"; };
		CDF00E8822A12141007DC1EF /* AnalyticsUtil.swift */ = {isa = PBXFileReference; fileEncoding = 4; lastKnownFileType = sourcecode.swift; path = AnalyticsUtil.swift; sourceTree = "<group>"; };
		CDF00E8922A12141007DC1EF /* AnalyitcsService.swift */ = {isa = PBXFileReference; fileEncoding = 4; lastKnownFileType = sourcecode.swift; path = AnalyitcsService.swift; sourceTree = "<group>"; };
		CDF00E8A22A12141007DC1EF /* AnalyticsConstant.swift */ = {isa = PBXFileReference; fileEncoding = 4; lastKnownFileType = sourcecode.swift; path = AnalyticsConstant.swift; sourceTree = "<group>"; };
		CDF00E8C22A12141007DC1EF /* SiburungAnalyticsService.swift */ = {isa = PBXFileReference; fileEncoding = 4; lastKnownFileType = sourcecode.swift; path = SiburungAnalyticsService.swift; sourceTree = "<group>"; };
		CDF00E8D22A12141007DC1EF /* AdjustAnalyticsService.swift */ = {isa = PBXFileReference; fileEncoding = 4; lastKnownFileType = sourcecode.swift; path = AdjustAnalyticsService.swift; sourceTree = "<group>"; };
		CDF00E8E22A12141007DC1EF /* MoengageAnalyticsService.swift */ = {isa = PBXFileReference; fileEncoding = 4; lastKnownFileType = sourcecode.swift; path = MoengageAnalyticsService.swift; sourceTree = "<group>"; };
		CDF00E8F22A12141007DC1EF /* FacebookAnalyticsService.swift */ = {isa = PBXFileReference; fileEncoding = 4; lastKnownFileType = sourcecode.swift; path = FacebookAnalyticsService.swift; sourceTree = "<group>"; };
		CDF00E9022A12141007DC1EF /* AnalyticsEvent.swift */ = {isa = PBXFileReference; fileEncoding = 4; lastKnownFileType = sourcecode.swift; path = AnalyticsEvent.swift; sourceTree = "<group>"; };
		CDF00E9122A12141007DC1EF /* AnalyticsManager.swift */ = {isa = PBXFileReference; fileEncoding = 4; lastKnownFileType = sourcecode.swift; path = AnalyticsManager.swift; sourceTree = "<group>"; };
		CDF00ED622A14E82007DC1EF /* AnalyticsTest.swift */ = {isa = PBXFileReference; lastKnownFileType = sourcecode.swift; path = AnalyticsTest.swift; sourceTree = "<group>"; };
		CDF00EDE22A1552B007DC1EF /* AnalyticsFacebookParameter.swift */ = {isa = PBXFileReference; fileEncoding = 4; lastKnownFileType = sourcecode.swift; path = AnalyticsFacebookParameter.swift; sourceTree = "<group>"; };
/* End PBXFileReference section */

/* Begin PBXFrameworksBuildPhase section */
		CDF00E6122A11DC8007DC1EF /* Frameworks */ = {
			isa = PBXFrameworksBuildPhase;
			buildActionMask = 2147483647;
			files = (
			);
			runOnlyForDeploymentPostprocessing = 0;
		};
		CDF00E7522A11DC9007DC1EF /* Frameworks */ = {
			isa = PBXFrameworksBuildPhase;
			buildActionMask = 2147483647;
			files = (
			);
			runOnlyForDeploymentPostprocessing = 0;
		};
/* End PBXFrameworksBuildPhase section */

/* Begin PBXGroup section */
		0F3A135DE3583FAFBB852230 /* Pods */ = {
			isa = PBXGroup;
			children = (
				A6E91091B59B2C2DA20D7AF9 /* Pods-TwegApp.debug.xcconfig */,
				6BF4EB3DAF60A32CE078031C /* Pods-TwegApp.release.xcconfig */,
				059CAD9A38147214C4BF3695 /* Pods-TwegAppTests.debug.xcconfig */,
				1BA1AC1DA9784BFC0F0D15EE /* Pods-TwegAppTests.release.xcconfig */,
			);
			path = Pods;
			sourceTree = "<group>";
		};
		743A8810BEAA09D6167C1EB0 /* Frameworks */ = {
			isa = PBXGroup;
			children = (
			);
			name = Frameworks;
			sourceTree = "<group>";
		};
		CDF00E5B22A11DC8007DC1EF = {
			isa = PBXGroup;
			children = (
				CDF00E6622A11DC8007DC1EF /* TwegApp */,
				CDF00E7B22A11DC9007DC1EF /* TwegAppTests */,
				CDF00E6522A11DC8007DC1EF /* Products */,
				0F3A135DE3583FAFBB852230 /* Pods */,
				743A8810BEAA09D6167C1EB0 /* Frameworks */,
			);
			sourceTree = "<group>";
		};
		CDF00E6522A11DC8007DC1EF /* Products */ = {
			isa = PBXGroup;
			children = (
				CDF00E6422A11DC8007DC1EF /* TwegApp.app */,
				CDF00E7822A11DC9007DC1EF /* TwegAppTests.xctest */,
			);
			name = Products;
			sourceTree = "<group>";
		};
		CDF00E6622A11DC8007DC1EF /* TwegApp */ = {
			isa = PBXGroup;
			children = (
				CDF00E6722A11DC8007DC1EF /* AppDelegate.swift */,
				CDF00E6922A11DC8007DC1EF /* ViewController.swift */,
				CDF00E6B22A11DC8007DC1EF /* Main.storyboard */,
				CDF00E6E22A11DC9007DC1EF /* Assets.xcassets */,
				CDF00E7022A11DC9007DC1EF /* LaunchScreen.storyboard */,
				CDF00E7322A11DC9007DC1EF /* Info.plist */,
				CDF00E8722A12141007DC1EF /* Manager */,
			);
			path = TwegApp;
			sourceTree = "<group>";
		};
		CDF00E7B22A11DC9007DC1EF /* TwegAppTests */ = {
			isa = PBXGroup;
			children = (
				CDF00ED622A14E82007DC1EF /* AnalyticsTest.swift */,
				CDABA55622AD2F4D00D7B63C /* MoengageAnalyticsServiceTest.swift */,
				CDF00E7C22A11DC9007DC1EF /* TwegAppTests.swift */,
				CDF00E7E22A11DC9007DC1EF /* Info.plist */,
			);
			path = TwegAppTests;
			sourceTree = "<group>";
		};
		CDF00E8722A12141007DC1EF /* Manager */ = {
			isa = PBXGroup;
			children = (
				CDF00E9122A12141007DC1EF /* AnalyticsManager.swift */,
				CDF00E8922A12141007DC1EF /* AnalyitcsService.swift */,
				CDF00E8822A12141007DC1EF /* AnalyticsUtil.swift */,
				CDF00E8A22A12141007DC1EF /* AnalyticsConstant.swift */,
				CDF00E9022A12141007DC1EF /* AnalyticsEvent.swift */,
				CDF00E8B22A12141007DC1EF /* SDK */,
			);
			path = Manager;
			sourceTree = "<group>";
		};
		CDF00E8B22A12141007DC1EF /* SDK */ = {
			isa = PBXGroup;
			children = (
				CDF00E8C22A12141007DC1EF /* SiburungAnalyticsService.swift */,
				CDF00E8D22A12141007DC1EF /* AdjustAnalyticsService.swift */,
				CDF00E8E22A12141007DC1EF /* MoengageAnalyticsService.swift */,
				CDF00EDE22A1552B007DC1EF /* AnalyticsFacebookParameter.swift */,
				CDF00E8F22A12141007DC1EF /* FacebookAnalyticsService.swift */,
			);
			path = SDK;
			sourceTree = "<group>";
		};
/* End PBXGroup section */

/* Begin PBXNativeTarget section */
		CDF00E6322A11DC8007DC1EF /* TwegApp */ = {
			isa = PBXNativeTarget;
			buildConfigurationList = CDF00E8122A11DC9007DC1EF /* Build configuration list for PBXNativeTarget "TwegApp" */;
			buildPhases = (
				2378C2C528F0F86DED27EC6E /* [CP] Check Pods Manifest.lock */,
				CDF00E6022A11DC8007DC1EF /* Sources */,
				CDF00E6122A11DC8007DC1EF /* Frameworks */,
				CDF00E6222A11DC8007DC1EF /* Resources */,
				D693AA1A03A208778E1CCA03 /* [CP] Embed Pods Frameworks */,
			);
			buildRules = (
			);
			dependencies = (
			);
			name = TwegApp;
			productName = TwegApp;
			productReference = CDF00E6422A11DC8007DC1EF /* TwegApp.app */;
			productType = "com.apple.product-type.application";
		};
		CDF00E7722A11DC9007DC1EF /* TwegAppTests */ = {
			isa = PBXNativeTarget;
			buildConfigurationList = CDF00E8422A11DC9007DC1EF /* Build configuration list for PBXNativeTarget "TwegAppTests" */;
			buildPhases = (
				3AF8DE1F4736DD7242FA4CBD /* [CP] Check Pods Manifest.lock */,
				CDF00E7422A11DC9007DC1EF /* Sources */,
				CDF00E7522A11DC9007DC1EF /* Frameworks */,
				CDF00E7622A11DC9007DC1EF /* Resources */,
				104E2ECEA18DBF2809A6FAC7 /* [CP] Embed Pods Frameworks */,
			);
			buildRules = (
			);
			dependencies = (
				CDF00E7A22A11DC9007DC1EF /* PBXTargetDependency */,
			);
			name = TwegAppTests;
			productName = TwegAppTests;
			productReference = CDF00E7822A11DC9007DC1EF /* TwegAppTests.xctest */;
			productType = "com.apple.product-type.bundle.unit-test";
		};
/* End PBXNativeTarget section */

/* Begin PBXProject section */
		CDF00E5C22A11DC8007DC1EF /* Project object */ = {
			isa = PBXProject;
			attributes = {
				LastSwiftUpdateCheck = 1010;
				LastUpgradeCheck = 1010;
				ORGANIZATIONNAME = "Erric Alfajri";
				TargetAttributes = {
					CDF00E6322A11DC8007DC1EF = {
						CreatedOnToolsVersion = 10.1;
					};
					CDF00E7722A11DC9007DC1EF = {
						CreatedOnToolsVersion = 10.1;
						TestTargetID = CDF00E6322A11DC8007DC1EF;
					};
				};
			};
			buildConfigurationList = CDF00E5F22A11DC8007DC1EF /* Build configuration list for PBXProject "TwegApp" */;
			compatibilityVersion = "Xcode 9.3";
			developmentRegion = en;
			hasScannedForEncodings = 0;
			knownRegions = (
				en,
				Base,
			);
			mainGroup = CDF00E5B22A11DC8007DC1EF;
			productRefGroup = CDF00E6522A11DC8007DC1EF /* Products */;
			projectDirPath = "";
			projectRoot = "";
			targets = (
				CDF00E6322A11DC8007DC1EF /* TwegApp */,
				CDF00E7722A11DC9007DC1EF /* TwegAppTests */,
			);
		};
/* End PBXProject section */

/* Begin PBXResourcesBuildPhase section */
		CDF00E6222A11DC8007DC1EF /* Resources */ = {
			isa = PBXResourcesBuildPhase;
			buildActionMask = 2147483647;
			files = (
				CDF00E7222A11DC9007DC1EF /* LaunchScreen.storyboard in Resources */,
				CDF00E6F22A11DC9007DC1EF /* Assets.xcassets in Resources */,
				CDF00E6D22A11DC8007DC1EF /* Main.storyboard in Resources */,
			);
			runOnlyForDeploymentPostprocessing = 0;
		};
		CDF00E7622A11DC9007DC1EF /* Resources */ = {
			isa = PBXResourcesBuildPhase;
			buildActionMask = 2147483647;
			files = (
			);
			runOnlyForDeploymentPostprocessing = 0;
		};
/* End PBXResourcesBuildPhase section */

/* Begin PBXShellScriptBuildPhase section */
		104E2ECEA18DBF2809A6FAC7 /* [CP] Embed Pods Frameworks */ = {
			isa = PBXShellScriptBuildPhase;
			buildActionMask = 2147483647;
			files = (
			);
			inputFileListPaths = (
			);
			inputPaths = (
				"${PODS_ROOT}/Target Support Files/Pods-TwegAppTests/Pods-TwegAppTests-frameworks.sh",
				"${BUILT_PRODUCTS_DIR}/Alamofire/Alamofire.framework",
				"${BUILT_PRODUCTS_DIR}/ObjectMapper/ObjectMapper.framework",
				"${BUILT_PRODUCTS_DIR}/SwiftyJSON/SwiftyJSON.framework",
				"${BUILT_PRODUCTS_DIR}/Cuckoo/Cuckoo.framework",
				"${BUILT_PRODUCTS_DIR}/Fakery/Fakery.framework",
				"${BUILT_PRODUCTS_DIR}/Nimble/Nimble.framework",
				"${BUILT_PRODUCTS_DIR}/Quick/Quick.framework",
				"${BUILT_PRODUCTS_DIR}/SpecLeaks/SpecLeaks.framework",
			);
			name = "[CP] Embed Pods Frameworks";
			outputFileListPaths = (
			);
			outputPaths = (
				"${TARGET_BUILD_DIR}/${FRAMEWORKS_FOLDER_PATH}/Alamofire.framework",
				"${TARGET_BUILD_DIR}/${FRAMEWORKS_FOLDER_PATH}/ObjectMapper.framework",
				"${TARGET_BUILD_DIR}/${FRAMEWORKS_FOLDER_PATH}/SwiftyJSON.framework",
				"${TARGET_BUILD_DIR}/${FRAMEWORKS_FOLDER_PATH}/Cuckoo.framework",
				"${TARGET_BUILD_DIR}/${FRAMEWORKS_FOLDER_PATH}/Fakery.framework",
				"${TARGET_BUILD_DIR}/${FRAMEWORKS_FOLDER_PATH}/Nimble.framework",
				"${TARGET_BUILD_DIR}/${FRAMEWORKS_FOLDER_PATH}/Quick.framework",
				"${TARGET_BUILD_DIR}/${FRAMEWORKS_FOLDER_PATH}/SpecLeaks.framework",
			);
			runOnlyForDeploymentPostprocessing = 0;
			shellPath = /bin/sh;
			shellScript = "\"${PODS_ROOT}/Target Support Files/Pods-TwegAppTests/Pods-TwegAppTests-frameworks.sh\"\n";
			showEnvVarsInLog = 0;
		};
		2378C2C528F0F86DED27EC6E /* [CP] Check Pods Manifest.lock */ = {
			isa = PBXShellScriptBuildPhase;
			buildActionMask = 2147483647;
			files = (
			);
			inputFileListPaths = (
			);
			inputPaths = (
				"${PODS_PODFILE_DIR_PATH}/Podfile.lock",
				"${PODS_ROOT}/Manifest.lock",
			);
			name = "[CP] Check Pods Manifest.lock";
			outputFileListPaths = (
			);
			outputPaths = (
				"$(DERIVED_FILE_DIR)/Pods-TwegApp-checkManifestLockResult.txt",
			);
			runOnlyForDeploymentPostprocessing = 0;
			shellPath = /bin/sh;
			shellScript = "diff \"${PODS_PODFILE_DIR_PATH}/Podfile.lock\" \"${PODS_ROOT}/Manifest.lock\" > /dev/null\nif [ $? != 0 ] ; then\n    # print error to STDERR\n    echo \"error: The sandbox is not in sync with the Podfile.lock. Run 'pod install' or update your CocoaPods installation.\" >&2\n    exit 1\nfi\n# This output is used by Xcode 'outputs' to avoid re-running this script phase.\necho \"SUCCESS\" > \"${SCRIPT_OUTPUT_FILE_0}\"\n";
			showEnvVarsInLog = 0;
		};
		3AF8DE1F4736DD7242FA4CBD /* [CP] Check Pods Manifest.lock */ = {
			isa = PBXShellScriptBuildPhase;
			buildActionMask = 2147483647;
			files = (
			);
			inputFileListPaths = (
			);
			inputPaths = (
				"${PODS_PODFILE_DIR_PATH}/Podfile.lock",
				"${PODS_ROOT}/Manifest.lock",
			);
			name = "[CP] Check Pods Manifest.lock";
			outputFileListPaths = (
			);
			outputPaths = (
				"$(DERIVED_FILE_DIR)/Pods-TwegAppTests-checkManifestLockResult.txt",
			);
			runOnlyForDeploymentPostprocessing = 0;
			shellPath = /bin/sh;
			shellScript = "diff \"${PODS_PODFILE_DIR_PATH}/Podfile.lock\" \"${PODS_ROOT}/Manifest.lock\" > /dev/null\nif [ $? != 0 ] ; then\n    # print error to STDERR\n    echo \"error: The sandbox is not in sync with the Podfile.lock. Run 'pod install' or update your CocoaPods installation.\" >&2\n    exit 1\nfi\n# This output is used by Xcode 'outputs' to avoid re-running this script phase.\necho \"SUCCESS\" > \"${SCRIPT_OUTPUT_FILE_0}\"\n";
			showEnvVarsInLog = 0;
		};
		D693AA1A03A208778E1CCA03 /* [CP] Embed Pods Frameworks */ = {
			isa = PBXShellScriptBuildPhase;
			buildActionMask = 2147483647;
			files = (
			);
			inputFileListPaths = (
			);
			inputPaths = (
				"${PODS_ROOT}/Target Support Files/Pods-TwegApp/Pods-TwegApp-frameworks.sh",
				"${BUILT_PRODUCTS_DIR}/Adjust/Adjust.framework",
				"${BUILT_PRODUCTS_DIR}/Alamofire/Alamofire.framework",
				"${BUILT_PRODUCTS_DIR}/Bolts/Bolts.framework",
				"${BUILT_PRODUCTS_DIR}/FBSDKCoreKit/FBSDKCoreKit.framework",
				"${PODS_ROOT}/MoEngage-iOS-SDK/MoEngage/MoEngage.framework",
				"${BUILT_PRODUCTS_DIR}/ObjectMapper/ObjectMapper.framework",
				"${BUILT_PRODUCTS_DIR}/SwiftyJSON/SwiftyJSON.framework",
			);
			name = "[CP] Embed Pods Frameworks";
			outputFileListPaths = (
			);
			outputPaths = (
				"${TARGET_BUILD_DIR}/${FRAMEWORKS_FOLDER_PATH}/Adjust.framework",
				"${TARGET_BUILD_DIR}/${FRAMEWORKS_FOLDER_PATH}/Alamofire.framework",
				"${TARGET_BUILD_DIR}/${FRAMEWORKS_FOLDER_PATH}/Bolts.framework",
				"${TARGET_BUILD_DIR}/${FRAMEWORKS_FOLDER_PATH}/FBSDKCoreKit.framework",
				"${TARGET_BUILD_DIR}/${FRAMEWORKS_FOLDER_PATH}/MoEngage.framework",
				"${TARGET_BUILD_DIR}/${FRAMEWORKS_FOLDER_PATH}/ObjectMapper.framework",
				"${TARGET_BUILD_DIR}/${FRAMEWORKS_FOLDER_PATH}/SwiftyJSON.framework",
			);
			runOnlyForDeploymentPostprocessing = 0;
			shellPath = /bin/sh;
			shellScript = "\"${PODS_ROOT}/Target Support Files/Pods-TwegApp/Pods-TwegApp-frameworks.sh\"\n";
			showEnvVarsInLog = 0;
		};
/* End PBXShellScriptBuildPhase section */

/* Begin PBXSourcesBuildPhase section */
		CDF00E6022A11DC8007DC1EF /* Sources */ = {
			isa = PBXSourcesBuildPhase;
			buildActionMask = 2147483647;
			files = (
				CDF00E9222A12141007DC1EF /* AnalyticsUtil.swift in Sources */,
				CDF00E6A22A11DC8007DC1EF /* ViewController.swift in Sources */,
				CDF00E9822A12141007DC1EF /* FacebookAnalyticsService.swift in Sources */,
				CDF00E9322A12141007DC1EF /* AnalyitcsService.swift in Sources */,
				CDF00EDF22A1552B007DC1EF /* AnalyticsFacebookParameter.swift in Sources */,
				CDF00E6822A11DC8007DC1EF /* AppDelegate.swift in Sources */,
				CDF00E9622A12141007DC1EF /* AdjustAnalyticsService.swift in Sources */,
				CDF00E9722A12141007DC1EF /* MoengageAnalyticsService.swift in Sources */,
				CDF00E9922A12141007DC1EF /* AnalyticsEvent.swift in Sources */,
				CDF00E9A22A12141007DC1EF /* AnalyticsManager.swift in Sources */,
				CDF00E9422A12141007DC1EF /* AnalyticsConstant.swift in Sources */,
				CDF00E9522A12141007DC1EF /* SiburungAnalyticsService.swift in Sources */,
			);
			runOnlyForDeploymentPostprocessing = 0;
		};
		CDF00E7422A11DC9007DC1EF /* Sources */ = {
			isa = PBXSourcesBuildPhase;
			buildActionMask = 2147483647;
			files = (
				CDF00ED722A14E82007DC1EF /* AnalyticsTest.swift in Sources */,
				CDABA55722AD2F4D00D7B63C /* MoengageAnalyticsServiceTest.swift in Sources */,
				CDF00E7D22A11DC9007DC1EF /* TwegAppTests.swift in Sources */,
			);
			runOnlyForDeploymentPostprocessing = 0;
		};
/* End PBXSourcesBuildPhase section */

/* Begin PBXTargetDependency section */
		CDF00E7A22A11DC9007DC1EF /* PBXTargetDependency */ = {
			isa = PBXTargetDependency;
			target = CDF00E6322A11DC8007DC1EF /* TwegApp */;
			targetProxy = CDF00E7922A11DC9007DC1EF /* PBXContainerItemProxy */;
		};
/* End PBXTargetDependency section */

/* Begin PBXVariantGroup section */
		CDF00E6B22A11DC8007DC1EF /* Main.storyboard */ = {
			isa = PBXVariantGroup;
			children = (
				CDF00E6C22A11DC8007DC1EF /* Base */,
			);
			name = Main.storyboard;
			sourceTree = "<group>";
		};
		CDF00E7022A11DC9007DC1EF /* LaunchScreen.storyboard */ = {
			isa = PBXVariantGroup;
			children = (
				CDF00E7122A11DC9007DC1EF /* Base */,
			);
			name = LaunchScreen.storyboard;
			sourceTree = "<group>";
		};
/* End PBXVariantGroup section */

/* Begin XCBuildConfiguration section */
		CDF00E7F22A11DC9007DC1EF /* Debug */ = {
			isa = XCBuildConfiguration;
			buildSettings = {
				ALWAYS_SEARCH_USER_PATHS = NO;
				CLANG_ANALYZER_NONNULL = YES;
				CLANG_ANALYZER_NUMBER_OBJECT_CONVERSION = YES_AGGRESSIVE;
				CLANG_CXX_LANGUAGE_STANDARD = "gnu++14";
				CLANG_CXX_LIBRARY = "libc++";
				CLANG_ENABLE_MODULES = YES;
				CLANG_ENABLE_OBJC_ARC = YES;
				CLANG_ENABLE_OBJC_WEAK = YES;
				CLANG_WARN_BLOCK_CAPTURE_AUTORELEASING = YES;
				CLANG_WARN_BOOL_CONVERSION = YES;
				CLANG_WARN_COMMA = YES;
				CLANG_WARN_CONSTANT_CONVERSION = YES;
				CLANG_WARN_DEPRECATED_OBJC_IMPLEMENTATIONS = YES;
				CLANG_WARN_DIRECT_OBJC_ISA_USAGE = YES_ERROR;
				CLANG_WARN_DOCUMENTATION_COMMENTS = YES;
				CLANG_WARN_EMPTY_BODY = YES;
				CLANG_WARN_ENUM_CONVERSION = YES;
				CLANG_WARN_INFINITE_RECURSION = YES;
				CLANG_WARN_INT_CONVERSION = YES;
				CLANG_WARN_NON_LITERAL_NULL_CONVERSION = YES;
				CLANG_WARN_OBJC_IMPLICIT_RETAIN_SELF = YES;
				CLANG_WARN_OBJC_LITERAL_CONVERSION = YES;
				CLANG_WARN_OBJC_ROOT_CLASS = YES_ERROR;
				CLANG_WARN_RANGE_LOOP_ANALYSIS = YES;
				CLANG_WARN_STRICT_PROTOTYPES = YES;
				CLANG_WARN_SUSPICIOUS_MOVE = YES;
				CLANG_WARN_UNGUARDED_AVAILABILITY = YES_AGGRESSIVE;
				CLANG_WARN_UNREACHABLE_CODE = YES;
				CLANG_WARN__DUPLICATE_METHOD_MATCH = YES;
				CODE_SIGN_IDENTITY = "iPhone Developer";
				COPY_PHASE_STRIP = NO;
				DEBUG_INFORMATION_FORMAT = dwarf;
				ENABLE_STRICT_OBJC_MSGSEND = YES;
				ENABLE_TESTABILITY = YES;
				GCC_C_LANGUAGE_STANDARD = gnu11;
				GCC_DYNAMIC_NO_PIC = NO;
				GCC_NO_COMMON_BLOCKS = YES;
				GCC_OPTIMIZATION_LEVEL = 0;
				GCC_PREPROCESSOR_DEFINITIONS = (
					"DEBUG=1",
					"$(inherited)",
				);
				GCC_WARN_64_TO_32_BIT_CONVERSION = YES;
				GCC_WARN_ABOUT_RETURN_TYPE = YES_ERROR;
				GCC_WARN_UNDECLARED_SELECTOR = YES;
				GCC_WARN_UNINITIALIZED_AUTOS = YES_AGGRESSIVE;
				GCC_WARN_UNUSED_FUNCTION = YES;
				GCC_WARN_UNUSED_VARIABLE = YES;
				IPHONEOS_DEPLOYMENT_TARGET = 12.1;
				MTL_ENABLE_DEBUG_INFO = INCLUDE_SOURCE;
				MTL_FAST_MATH = YES;
				ONLY_ACTIVE_ARCH = YES;
				SDKROOT = iphoneos;
				SWIFT_ACTIVE_COMPILATION_CONDITIONS = DEBUG;
				SWIFT_OPTIMIZATION_LEVEL = "-Onone";
			};
			name = Debug;
		};
		CDF00E8022A11DC9007DC1EF /* Release */ = {
			isa = XCBuildConfiguration;
			buildSettings = {
				ALWAYS_SEARCH_USER_PATHS = NO;
				CLANG_ANALYZER_NONNULL = YES;
				CLANG_ANALYZER_NUMBER_OBJECT_CONVERSION = YES_AGGRESSIVE;
				CLANG_CXX_LANGUAGE_STANDARD = "gnu++14";
				CLANG_CXX_LIBRARY = "libc++";
				CLANG_ENABLE_MODULES = YES;
				CLANG_ENABLE_OBJC_ARC = YES;
				CLANG_ENABLE_OBJC_WEAK = YES;
				CLANG_WARN_BLOCK_CAPTURE_AUTORELEASING = YES;
				CLANG_WARN_BOOL_CONVERSION = YES;
				CLANG_WARN_COMMA = YES;
				CLANG_WARN_CONSTANT_CONVERSION = YES;
				CLANG_WARN_DEPRECATED_OBJC_IMPLEMENTATIONS = YES;
				CLANG_WARN_DIRECT_OBJC_ISA_USAGE = YES_ERROR;
				CLANG_WARN_DOCUMENTATION_COMMENTS = YES;
				CLANG_WARN_EMPTY_BODY = YES;
				CLANG_WARN_ENUM_CONVERSION = YES;
				CLANG_WARN_INFINITE_RECURSION = YES;
				CLANG_WARN_INT_CONVERSION = YES;
				CLANG_WARN_NON_LITERAL_NULL_CONVERSION = YES;
				CLANG_WARN_OBJC_IMPLICIT_RETAIN_SELF = YES;
				CLANG_WARN_OBJC_LITERAL_CONVERSION = YES;
				CLANG_WARN_OBJC_ROOT_CLASS = YES_ERROR;
				CLANG_WARN_RANGE_LOOP_ANALYSIS = YES;
				CLANG_WARN_STRICT_PROTOTYPES = YES;
				CLANG_WARN_SUSPICIOUS_MOVE = YES;
				CLANG_WARN_UNGUARDED_AVAILABILITY = YES_AGGRESSIVE;
				CLANG_WARN_UNREACHABLE_CODE = YES;
				CLANG_WARN__DUPLICATE_METHOD_MATCH = YES;
				CODE_SIGN_IDENTITY = "iPhone Developer";
				COPY_PHASE_STRIP = NO;
				DEBUG_INFORMATION_FORMAT = "dwarf-with-dsym";
				ENABLE_NS_ASSERTIONS = NO;
				ENABLE_STRICT_OBJC_MSGSEND = YES;
				GCC_C_LANGUAGE_STANDARD = gnu11;
				GCC_NO_COMMON_BLOCKS = YES;
				GCC_WARN_64_TO_32_BIT_CONVERSION = YES;
				GCC_WARN_ABOUT_RETURN_TYPE = YES_ERROR;
				GCC_WARN_UNDECLARED_SELECTOR = YES;
				GCC_WARN_UNINITIALIZED_AUTOS = YES_AGGRESSIVE;
				GCC_WARN_UNUSED_FUNCTION = YES;
				GCC_WARN_UNUSED_VARIABLE = YES;
				IPHONEOS_DEPLOYMENT_TARGET = 12.1;
				MTL_ENABLE_DEBUG_INFO = NO;
				MTL_FAST_MATH = YES;
				SDKROOT = iphoneos;
				SWIFT_COMPILATION_MODE = wholemodule;
				SWIFT_OPTIMIZATION_LEVEL = "-O";
				VALIDATE_PRODUCT = YES;
			};
			name = Release;
		};
		CDF00E8222A11DC9007DC1EF /* Debug */ = {
			isa = XCBuildConfiguration;
			baseConfigurationReference = A6E91091B59B2C2DA20D7AF9 /* Pods-TwegApp.debug.xcconfig */;
			buildSettings = {
				ASSETCATALOG_COMPILER_APPICON_NAME = AppIcon;
				CODE_SIGN_STYLE = Automatic;
				DEVELOPMENT_TEAM = H234B3HHZ5;
				INFOPLIST_FILE = TwegApp/Info.plist;
				LD_RUNPATH_SEARCH_PATHS = (
					"$(inherited)",
					"@executable_path/Frameworks",
					/Applications/Xcode.app/Contents/Developer/Library/Frameworks/,
				);
				PRODUCT_BUNDLE_IDENTIFIER = com.eafajri.TwegApp;
				PRODUCT_NAME = "$(TARGET_NAME)";
				SWIFT_VERSION = 4.2;
				TARGETED_DEVICE_FAMILY = "1,2";
			};
			name = Debug;
		};
		CDF00E8322A11DC9007DC1EF /* Release */ = {
			isa = XCBuildConfiguration;
			baseConfigurationReference = 6BF4EB3DAF60A32CE078031C /* Pods-TwegApp.release.xcconfig */;
			buildSettings = {
				ASSETCATALOG_COMPILER_APPICON_NAME = AppIcon;
				CODE_SIGN_STYLE = Automatic;
				DEVELOPMENT_TEAM = H234B3HHZ5;
				INFOPLIST_FILE = TwegApp/Info.plist;
				LD_RUNPATH_SEARCH_PATHS = (
					"$(inherited)",
					"@executable_path/Frameworks",
					/Applications/Xcode.app/Contents/Developer/Library/Frameworks/,
				);
				PRODUCT_BUNDLE_IDENTIFIER = com.eafajri.TwegApp;
				PRODUCT_NAME = "$(TARGET_NAME)";
				SWIFT_VERSION = 4.2;
				TARGETED_DEVICE_FAMILY = "1,2";
			};
			name = Release;
		};
		CDF00E8522A11DC9007DC1EF /* Debug */ = {
			isa = XCBuildConfiguration;
			baseConfigurationReference = 059CAD9A38147214C4BF3695 /* Pods-TwegAppTests.debug.xcconfig */;
			buildSettings = {
				ALWAYS_EMBED_SWIFT_STANDARD_LIBRARIES = YES;
				BUNDLE_LOADER = "$(TEST_HOST)";
				CODE_SIGN_STYLE = Automatic;
				DEVELOPMENT_TEAM = H234B3HHZ5;
				INFOPLIST_FILE = TwegAppTests/Info.plist;
				LD_RUNPATH_SEARCH_PATHS = (
					"$(inherited)",
					"@executable_path/Frameworks",
					"@loader_path/Frameworks",
				);
				PRODUCT_BUNDLE_IDENTIFIER = com.eafajri.TwegAppTests;
				PRODUCT_NAME = "$(TARGET_NAME)";
				SWIFT_VERSION = 4.2;
				TARGETED_DEVICE_FAMILY = "1,2";
				TEST_HOST = "$(BUILT_PRODUCTS_DIR)/TwegApp.app/TwegApp";
			};
			name = Debug;
		};
		CDF00E8622A11DC9007DC1EF /* Release */ = {
			isa = XCBuildConfiguration;
			baseConfigurationReference = 1BA1AC1DA9784BFC0F0D15EE /* Pods-TwegAppTests.release.xcconfig */;
			buildSettings = {
				ALWAYS_EMBED_SWIFT_STANDARD_LIBRARIES = YES;
				BUNDLE_LOADER = "$(TEST_HOST)";
				CODE_SIGN_STYLE = Automatic;
				DEVELOPMENT_TEAM = H234B3HHZ5;
				INFOPLIST_FILE = TwegAppTests/Info.plist;
				LD_RUNPATH_SEARCH_PATHS = (
					"$(inherited)",
					"@executable_path/Frameworks",
					"@loader_path/Frameworks",
				);
				PRODUCT_BUNDLE_IDENTIFIER = com.eafajri.TwegAppTests;
				PRODUCT_NAME = "$(TARGET_NAME)";
				SWIFT_VERSION = 4.2;
				TARGETED_DEVICE_FAMILY = "1,2";
				TEST_HOST = "$(BUILT_PRODUCTS_DIR)/TwegApp.app/TwegApp";
			};
			name = Release;
		};
/* End XCBuildConfiguration section */

/* Begin XCConfigurationList section */
		CDF00E5F22A11DC8007DC1EF /* Build configuration list for PBXProject "TwegApp" */ = {
			isa = XCConfigurationList;
			buildConfigurations = (
				CDF00E7F22A11DC9007DC1EF /* Debug */,
				CDF00E8022A11DC9007DC1EF /* Release */,
			);
			defaultConfigurationIsVisible = 0;
			defaultConfigurationName = Release;
		};
		CDF00E8122A11DC9007DC1EF /* Build configuration list for PBXNativeTarget "TwegApp" */ = {
			isa = XCConfigurationList;
			buildConfigurations = (
				CDF00E8222A11DC9007DC1EF /* Debug */,
				CDF00E8322A11DC9007DC1EF /* Release */,
			);
			defaultConfigurationIsVisible = 0;
			defaultConfigurationName = Release;
		};
		CDF00E8422A11DC9007DC1EF /* Build configuration list for PBXNativeTarget "TwegAppTests" */ = {
			isa = XCConfigurationList;
			buildConfigurations = (
				CDF00E8522A11DC9007DC1EF /* Debug */,
				CDF00E8622A11DC9007DC1EF /* Release */,
			);
			defaultConfigurationIsVisible = 0;
			defaultConfigurationName = Release;
		};
/* End XCConfigurationList section */
	};
	rootObject = CDF00E5C22A11DC8007DC1EF /* Project object */;
}
